// !$*UTF8*$!
{
	archiveVersion = 1;
	classes = {
	};
	objectVersion = 46;
	objects = {

/* Begin PBXBuildFile section */
		0436326B1BF49B9C00340587 /* main.m in Sources */ = {isa = PBXBuildFile; fileRef = 0436326A1BF49B9C00340587 /* main.m */; };
		0436326E1BF49B9C00340587 /* AppDelegate.m in Sources */ = {isa = PBXBuildFile; fileRef = 0436326D1BF49B9C00340587 /* AppDelegate.m */; };
		043632711BF49B9C00340587 /* ViewController.m in Sources */ = {isa = PBXBuildFile; fileRef = 043632701BF49B9C00340587 /* ViewController.m */; };
		043632761BF49B9C00340587 /* Assets.xcassets in Resources */ = {isa = PBXBuildFile; fileRef = 043632751BF49B9C00340587 /* Assets.xcassets */; };
		043632791BF49B9C00340587 /* LaunchScreen.storyboard in Resources */ = {isa = PBXBuildFile; fileRef = 043632771BF49B9C00340587 /* LaunchScreen.storyboard */; };
		043632841BF49B9C00340587 /* JCPullToSelect_masterTests.m in Sources */ = {isa = PBXBuildFile; fileRef = 043632831BF49B9C00340587 /* JCPullToSelect_masterTests.m */; };
		0436328F1BF49B9C00340587 /* JCPullToSelect_masterUITests.m in Sources */ = {isa = PBXBuildFile; fileRef = 0436328E1BF49B9C00340587 /* JCPullToSelect_masterUITests.m */; };
		0436329F1BF49BCD00340587 /* JCHeader.m in Sources */ = {isa = PBXBuildFile; fileRef = 0436329E1BF49BCD00340587 /* JCHeader.m */; settings = {ASSET_TAGS = (); }; };
		043632A21BF49BE500340587 /* JCBallLayer.m in Sources */ = {isa = PBXBuildFile; fileRef = 043632A11BF49BE500340587 /* JCBallLayer.m */; settings = {ASSET_TAGS = (); }; };
		043632A51BF49DBE00340587 /* UIScrollView+JCPullToSelect.m in Sources */ = {isa = PBXBuildFile; fileRef = 043632A41BF49DBE00340587 /* UIScrollView+JCPullToSelect.m */; settings = {ASSET_TAGS = (); }; };
		049716391BF5E97F00C31B48 /* JCTableViewController.m in Sources */ = {isa = PBXBuildFile; fileRef = 049716381BF5E97F00C31B48 /* JCTableViewController.m */; settings = {ASSET_TAGS = (); }; };
		0497163C1BF5EB8E00C31B48 /* JCWebViewController.m in Sources */ = {isa = PBXBuildFile; fileRef = 0497163B1BF5EB8E00C31B48 /* JCWebViewController.m */; settings = {ASSET_TAGS = (); }; };
		049716451BF5F2B800C31B48 /* 2.html in Resources */ = {isa = PBXBuildFile; fileRef = 049716441BF5F2B800C31B48 /* 2.html */; settings = {ASSET_TAGS = (); }; };
		04D5142D1BF5B47A0036ACBD /* JCPullToSelect.bundle in Resources */ = {isa = PBXBuildFile; fileRef = 04D5142C1BF5B47A0036ACBD /* JCPullToSelect.bundle */; settings = {ASSET_TAGS = (); }; };
		04D8EF551BF9B10900957047 /* JCCollectionViewController.m in Sources */ = {isa = PBXBuildFile; fileRef = 04D8EF541BF9B10900957047 /* JCCollectionViewController.m */; settings = {ASSET_TAGS = (); }; };
		04D8EF571BF9B82A00957047 /* 1.html in Resources */ = {isa = PBXBuildFile; fileRef = 04D8EF561BF9B82A00957047 /* 1.html */; settings = {ASSET_TAGS = (); }; };
		04D8EF5A1BF9C46700957047 /* JCFooter.m in Sources */ = {isa = PBXBuildFile; fileRef = 04D8EF591BF9C46700957047 /* JCFooter.m */; settings = {ASSET_TAGS = (); }; };
/* End PBXBuildFile section */

/* Begin PBXContainerItemProxy section */
		043632801BF49B9C00340587 /* PBXContainerItemProxy */ = {
			isa = PBXContainerItemProxy;
			containerPortal = 0436325E1BF49B9C00340587 /* Project object */;
			proxyType = 1;
			remoteGlobalIDString = 043632651BF49B9C00340587;
			remoteInfo = "JCPullToSelect-master";
		};
		0436328B1BF49B9C00340587 /* PBXContainerItemProxy */ = {
			isa = PBXContainerItemProxy;
			containerPortal = 0436325E1BF49B9C00340587 /* Project object */;
			proxyType = 1;
			remoteGlobalIDString = 043632651BF49B9C00340587;
			remoteInfo = "JCPullToSelect-master";
		};
/* End PBXContainerItemProxy section */

/* Begin PBXFileReference section */
		043632661BF49B9C00340587 /* JCPullToSelect-master.app */ = {isa = PBXFileReference; explicitFileType = wrapper.application; includeInIndex = 0; path = "JCPullToSelect-master.app"; sourceTree = BUILT_PRODUCTS_DIR; };
		0436326A1BF49B9C00340587 /* main.m */ = {isa = PBXFileReference; lastKnownFileType = sourcecode.c.objc; path = main.m; sourceTree = "<group>"; };
		0436326C1BF49B9C00340587 /* AppDelegate.h */ = {isa = PBXFileReference; lastKnownFileType = sourcecode.c.h; path = AppDelegate.h; sourceTree = "<group>"; };
		0436326D1BF49B9C00340587 /* AppDelegate.m */ = {isa = PBXFileReference; lastKnownFileType = sourcecode.c.objc; path = AppDelegate.m; sourceTree = "<group>"; };
		0436326F1BF49B9C00340587 /* ViewController.h */ = {isa = PBXFileReference; lastKnownFileType = sourcecode.c.h; path = ViewController.h; sourceTree = "<group>"; };
		043632701BF49B9C00340587 /* ViewController.m */ = {isa = PBXFileReference; lastKnownFileType = sourcecode.c.objc; path = ViewController.m; sourceTree = "<group>"; };
		043632751BF49B9C00340587 /* Assets.xcassets */ = {isa = PBXFileReference; lastKnownFileType = folder.assetcatalog; path = Assets.xcassets; sourceTree = "<group>"; };
		043632781BF49B9C00340587 /* Base */ = {isa = PBXFileReference; lastKnownFileType = file.storyboard; name = Base; path = Base.lproj/LaunchScreen.storyboard; sourceTree = "<group>"; };
		0436327A1BF49B9C00340587 /* Info.plist */ = {isa = PBXFileReference; lastKnownFileType = text.plist.xml; path = Info.plist; sourceTree = "<group>"; };
		0436327F1BF49B9C00340587 /* JCPullToSelect-masterTests.xctest */ = {isa = PBXFileReference; explicitFileType = wrapper.cfbundle; includeInIndex = 0; path = "JCPullToSelect-masterTests.xctest"; sourceTree = BUILT_PRODUCTS_DIR; };
		043632831BF49B9C00340587 /* JCPullToSelect_masterTests.m */ = {isa = PBXFileReference; lastKnownFileType = sourcecode.c.objc; path = JCPullToSelect_masterTests.m; sourceTree = "<group>"; };
		043632851BF49B9C00340587 /* Info.plist */ = {isa = PBXFileReference; lastKnownFileType = text.plist.xml; path = Info.plist; sourceTree = "<group>"; };
		0436328A1BF49B9C00340587 /* JCPullToSelect-masterUITests.xctest */ = {isa = PBXFileReference; explicitFileType = wrapper.cfbundle; includeInIndex = 0; path = "JCPullToSelect-masterUITests.xctest"; sourceTree = BUILT_PRODUCTS_DIR; };
		0436328E1BF49B9C00340587 /* JCPullToSelect_masterUITests.m */ = {isa = PBXFileReference; lastKnownFileType = sourcecode.c.objc; path = JCPullToSelect_masterUITests.m; sourceTree = "<group>"; };
		043632901BF49B9C00340587 /* Info.plist */ = {isa = PBXFileReference; lastKnownFileType = text.plist.xml; path = Info.plist; sourceTree = "<group>"; };
		0436329D1BF49BCD00340587 /* JCHeader.h */ = {isa = PBXFileReference; fileEncoding = 4; lastKnownFileType = sourcecode.c.h; path = JCHeader.h; sourceTree = "<group>"; };
		0436329E1BF49BCD00340587 /* JCHeader.m */ = {isa = PBXFileReference; fileEncoding = 4; lastKnownFileType = sourcecode.c.objc; path = JCHeader.m; sourceTree = "<group>"; };
		043632A01BF49BE500340587 /* JCBallLayer.h */ = {isa = PBXFileReference; fileEncoding = 4; lastKnownFileType = sourcecode.c.h; path = JCBallLayer.h; sourceTree = "<group>"; };
		043632A11BF49BE500340587 /* JCBallLayer.m */ = {isa = PBXFileReference; fileEncoding = 4; lastKnownFileType = sourcecode.c.objc; path = JCBallLayer.m; sourceTree = "<group>"; };
		043632A31BF49DBE00340587 /* UIScrollView+JCPullToSelect.h */ = {isa = PBXFileReference; fileEncoding = 4; lastKnownFileType = sourcecode.c.h; path = "UIScrollView+JCPullToSelect.h"; sourceTree = "<group>"; };
		043632A41BF49DBE00340587 /* UIScrollView+JCPullToSelect.m */ = {isa = PBXFileReference; fileEncoding = 4; lastKnownFileType = sourcecode.c.objc; path = "UIScrollView+JCPullToSelect.m"; sourceTree = "<group>"; };
		043632A61BF49E8900340587 /* JCPullToSelect.h */ = {isa = PBXFileReference; fileEncoding = 4; lastKnownFileType = sourcecode.c.h; path = JCPullToSelect.h; sourceTree = "<group>"; };
		049716371BF5E97F00C31B48 /* JCTableViewController.h */ = {isa = PBXFileReference; fileEncoding = 4; lastKnownFileType = sourcecode.c.h; path = JCTableViewController.h; sourceTree = "<group>"; };
		049716381BF5E97F00C31B48 /* JCTableViewController.m */ = {isa = PBXFileReference; fileEncoding = 4; lastKnownFileType = sourcecode.c.objc; path = JCTableViewController.m; sourceTree = "<group>"; };
		0497163A1BF5EB8D00C31B48 /* JCWebViewController.h */ = {isa = PBXFileReference; fileEncoding = 4; lastKnownFileType = sourcecode.c.h; path = JCWebViewController.h; sourceTree = "<group>"; };
		0497163B1BF5EB8E00C31B48 /* JCWebViewController.m */ = {isa = PBXFileReference; fileEncoding = 4; lastKnownFileType = sourcecode.c.objc; path = JCWebViewController.m; sourceTree = "<group>"; };
		049716441BF5F2B800C31B48 /* 2.html */ = {isa = PBXFileReference; fileEncoding = 4; lastKnownFileType = text.html; path = 2.html; sourceTree = "<group>"; };
		04D5142C1BF5B47A0036ACBD /* JCPullToSelect.bundle */ = {isa = PBXFileReference; lastKnownFileType = "wrapper.plug-in"; path = JCPullToSelect.bundle; sourceTree = "<group>"; };
		04D8EF531BF9B10900957047 /* JCCollectionViewController.h */ = {isa = PBXFileReference; fileEncoding = 4; lastKnownFileType = sourcecode.c.h; path = JCCollectionViewController.h; sourceTree = "<group>"; };
		04D8EF541BF9B10900957047 /* JCCollectionViewController.m */ = {isa = PBXFileReference; fileEncoding = 4; lastKnownFileType = sourcecode.c.objc; path = JCCollectionViewController.m; sourceTree = "<group>"; };
		04D8EF561BF9B82A00957047 /* 1.html */ = {isa = PBXFileReference; fileEncoding = 4; lastKnownFileType = text.html; path = 1.html; sourceTree = "<group>"; };
		04D8EF581BF9C46700957047 /* JCFooter.h */ = {isa = PBXFileReference; fileEncoding = 4; lastKnownFileType = sourcecode.c.h; path = JCFooter.h; sourceTree = "<group>"; };
		04D8EF591BF9C46700957047 /* JCFooter.m */ = {isa = PBXFileReference; fileEncoding = 4; lastKnownFileType = sourcecode.c.objc; path = JCFooter.m; sourceTree = "<group>"; };
/* End PBXFileReference section */

/* Begin PBXFrameworksBuildPhase section */
		043632631BF49B9C00340587 /* Frameworks */ = {
			isa = PBXFrameworksBuildPhase;
			buildActionMask = 2147483647;
			files = (
			);
			runOnlyForDeploymentPostprocessing = 0;
		};
		0436327C1BF49B9C00340587 /* Frameworks */ = {
			isa = PBXFrameworksBuildPhase;
			buildActionMask = 2147483647;
			files = (
			);
			runOnlyForDeploymentPostprocessing = 0;
		};
		043632871BF49B9C00340587 /* Frameworks */ = {
			isa = PBXFrameworksBuildPhase;
			buildActionMask = 2147483647;
			files = (
			);
			runOnlyForDeploymentPostprocessing = 0;
		};
/* End PBXFrameworksBuildPhase section */

/* Begin PBXGroup section */
		0436325D1BF49B9C00340587 = {
			isa = PBXGroup;
			children = (
				043632681BF49B9C00340587 /* JCPullToSelect-master */,
				043632821BF49B9C00340587 /* JCPullToSelect-masterTests */,
				0436328D1BF49B9C00340587 /* JCPullToSelect-masterUITests */,
				043632671BF49B9C00340587 /* Products */,
			);
			sourceTree = "<group>";
		};
		043632671BF49B9C00340587 /* Products */ = {
			isa = PBXGroup;
			children = (
				043632661BF49B9C00340587 /* JCPullToSelect-master.app */,
				0436327F1BF49B9C00340587 /* JCPullToSelect-masterTests.xctest */,
				0436328A1BF49B9C00340587 /* JCPullToSelect-masterUITests.xctest */,
			);
			name = Products;
			sourceTree = "<group>";
		};
		043632681BF49B9C00340587 /* JCPullToSelect-master */ = {
			isa = PBXGroup;
			children = (
				0497163F1BF5F18F00C31B48 /* html */,
				0436329C1BF49BB000340587 /* JCPullToSelect */,
				0436326C1BF49B9C00340587 /* AppDelegate.h */,
				0436326D1BF49B9C00340587 /* AppDelegate.m */,
				0436326F1BF49B9C00340587 /* ViewController.h */,
				043632701BF49B9C00340587 /* ViewController.m */,
				049716371BF5E97F00C31B48 /* JCTableViewController.h */,
				049716381BF5E97F00C31B48 /* JCTableViewController.m */,
				04D8EF531BF9B10900957047 /* JCCollectionViewController.h */,
				04D8EF541BF9B10900957047 /* JCCollectionViewController.m */,
				0497163A1BF5EB8D00C31B48 /* JCWebViewController.h */,
				0497163B1BF5EB8E00C31B48 /* JCWebViewController.m */,
				043632751BF49B9C00340587 /* Assets.xcassets */,
				043632771BF49B9C00340587 /* LaunchScreen.storyboard */,
				0436327A1BF49B9C00340587 /* Info.plist */,
				043632691BF49B9C00340587 /* Supporting Files */,
			);
			path = "JCPullToSelect-master";
			sourceTree = "<group>";
		};
		043632691BF49B9C00340587 /* Supporting Files */ = {
			isa = PBXGroup;
			children = (
				0436326A1BF49B9C00340587 /* main.m */,
			);
			name = "Supporting Files";
			sourceTree = "<group>";
		};
		043632821BF49B9C00340587 /* JCPullToSelect-masterTests */ = {
			isa = PBXGroup;
			children = (
				043632831BF49B9C00340587 /* JCPullToSelect_masterTests.m */,
				043632851BF49B9C00340587 /* Info.plist */,
			);
			path = "JCPullToSelect-masterTests";
			sourceTree = "<group>";
		};
		0436328D1BF49B9C00340587 /* JCPullToSelect-masterUITests */ = {
			isa = PBXGroup;
			children = (
				0436328E1BF49B9C00340587 /* JCPullToSelect_masterUITests.m */,
				043632901BF49B9C00340587 /* Info.plist */,
			);
			path = "JCPullToSelect-masterUITests";
			sourceTree = "<group>";
		};
		0436329C1BF49BB000340587 /* JCPullToSelect */ = {
			isa = PBXGroup;
			children = (
				04D5142C1BF5B47A0036ACBD /* JCPullToSelect.bundle */,
				043632A61BF49E8900340587 /* JCPullToSelect.h */,
				0436329D1BF49BCD00340587 /* JCHeader.h */,
				0436329E1BF49BCD00340587 /* JCHeader.m */,
				043632A01BF49BE500340587 /* JCBallLayer.h */,
				043632A11BF49BE500340587 /* JCBallLayer.m */,
				04D8EF581BF9C46700957047 /* JCFooter.h */,
				04D8EF591BF9C46700957047 /* JCFooter.m */,
				043632A31BF49DBE00340587 /* UIScrollView+JCPullToSelect.h */,
				043632A41BF49DBE00340587 /* UIScrollView+JCPullToSelect.m */,
			);
			path = JCPullToSelect;
			sourceTree = "<group>";
		};
		0497163F1BF5F18F00C31B48 /* html */ = {
			isa = PBXGroup;
			children = (
				04D8EF561BF9B82A00957047 /* 1.html */,
				049716441BF5F2B800C31B48 /* 2.html */,
			);
			path = html;
			sourceTree = "<group>";
		};
/* End PBXGroup section */

/* Begin PBXNativeTarget section */
		043632651BF49B9C00340587 /* JCPullToSelect-master */ = {
			isa = PBXNativeTarget;
			buildConfigurationList = 043632931BF49B9C00340587 /* Build configuration list for PBXNativeTarget "JCPullToSelect-master" */;
			buildPhases = (
				043632621BF49B9C00340587 /* Sources */,
				043632631BF49B9C00340587 /* Frameworks */,
				043632641BF49B9C00340587 /* Resources */,
			);
			buildRules = (
			);
			dependencies = (
			);
			name = "JCPullToSelect-master";
			productName = "JCPullToSelect-master";
			productReference = 043632661BF49B9C00340587 /* JCPullToSelect-master.app */;
			productType = "com.apple.product-type.application";
		};
		0436327E1BF49B9C00340587 /* JCPullToSelect-masterTests */ = {
			isa = PBXNativeTarget;
			buildConfigurationList = 043632961BF49B9C00340587 /* Build configuration list for PBXNativeTarget "JCPullToSelect-masterTests" */;
			buildPhases = (
				0436327B1BF49B9C00340587 /* Sources */,
				0436327C1BF49B9C00340587 /* Frameworks */,
				0436327D1BF49B9C00340587 /* Resources */,
			);
			buildRules = (
			);
			dependencies = (
				043632811BF49B9C00340587 /* PBXTargetDependency */,
			);
			name = "JCPullToSelect-masterTests";
			productName = "JCPullToSelect-masterTests";
			productReference = 0436327F1BF49B9C00340587 /* JCPullToSelect-masterTests.xctest */;
			productType = "com.apple.product-type.bundle.unit-test";
		};
		043632891BF49B9C00340587 /* JCPullToSelect-masterUITests */ = {
			isa = PBXNativeTarget;
			buildConfigurationList = 043632991BF49B9C00340587 /* Build configuration list for PBXNativeTarget "JCPullToSelect-masterUITests" */;
			buildPhases = (
				043632861BF49B9C00340587 /* Sources */,
				043632871BF49B9C00340587 /* Frameworks */,
				043632881BF49B9C00340587 /* Resources */,
			);
			buildRules = (
			);
			dependencies = (
				0436328C1BF49B9C00340587 /* PBXTargetDependency */,
			);
			name = "JCPullToSelect-masterUITests";
			productName = "JCPullToSelect-masterUITests";
			productReference = 0436328A1BF49B9C00340587 /* JCPullToSelect-masterUITests.xctest */;
			productType = "com.apple.product-type.bundle.ui-testing";
		};
/* End PBXNativeTarget section */

/* Begin PBXProject section */
		0436325E1BF49B9C00340587 /* Project object */ = {
			isa = PBXProject;
			attributes = {
				LastUpgradeCheck = 0700;
				ORGANIZATIONNAME = HJaycee;
				TargetAttributes = {
					043632651BF49B9C00340587 = {
						CreatedOnToolsVersion = 7.0.1;
						DevelopmentTeam = MZNXS3D2H4;
					};
					0436327E1BF49B9C00340587 = {
						CreatedOnToolsVersion = 7.0.1;
						TestTargetID = 043632651BF49B9C00340587;
					};
					043632891BF49B9C00340587 = {
						CreatedOnToolsVersion = 7.0.1;
						TestTargetID = 043632651BF49B9C00340587;
					};
				};
			};
			buildConfigurationList = 043632611BF49B9C00340587 /* Build configuration list for PBXProject "JCPullToSelect-master" */;
			compatibilityVersion = "Xcode 3.2";
			developmentRegion = English;
			hasScannedForEncodings = 0;
			knownRegions = (
				en,
				Base,
			);
			mainGroup = 0436325D1BF49B9C00340587;
			productRefGroup = 043632671BF49B9C00340587 /* Products */;
			projectDirPath = "";
			projectRoot = "";
			targets = (
				043632651BF49B9C00340587 /* JCPullToSelect-master */,
				0436327E1BF49B9C00340587 /* JCPullToSelect-masterTests */,
				043632891BF49B9C00340587 /* JCPullToSelect-masterUITests */,
			);
		};
/* End PBXProject section */

/* Begin PBXResourcesBuildPhase section */
		043632641BF49B9C00340587 /* Resources */ = {
			isa = PBXResourcesBuildPhase;
			buildActionMask = 2147483647;
			files = (
				04D8EF571BF9B82A00957047 /* 1.html in Resources */,
				049716451BF5F2B800C31B48 /* 2.html in Resources */,
				043632791BF49B9C00340587 /* LaunchScreen.storyboard in Resources */,
				043632761BF49B9C00340587 /* Assets.xcassets in Resources */,
				04D5142D1BF5B47A0036ACBD /* JCPullToSelect.bundle in Resources */,
			);
			runOnlyForDeploymentPostprocessing = 0;
		};
		0436327D1BF49B9C00340587 /* Resources */ = {
			isa = PBXResourcesBuildPhase;
			buildActionMask = 2147483647;
			files = (
			);
			runOnlyForDeploymentPostprocessing = 0;
		};
		043632881BF49B9C00340587 /* Resources */ = {
			isa = PBXResourcesBuildPhase;
			buildActionMask = 2147483647;
			files = (
			);
			runOnlyForDeploymentPostprocessing = 0;
		};
/* End PBXResourcesBuildPhase section */

/* Begin PBXSourcesBuildPhase section */
		043632621BF49B9C00340587 /* Sources */ = {
			isa = PBXSourcesBuildPhase;
			buildActionMask = 2147483647;
			files = (
				043632A51BF49DBE00340587 /* UIScrollView+JCPullToSelect.m in Sources */,
				049716391BF5E97F00C31B48 /* JCTableViewController.m in Sources */,
				0497163C1BF5EB8E00C31B48 /* JCWebViewController.m in Sources */,
				04D8EF551BF9B10900957047 /* JCCollectionViewController.m in Sources */,
				043632711BF49B9C00340587 /* ViewController.m in Sources */,
				0436326E1BF49B9C00340587 /* AppDelegate.m in Sources */,
				0436326B1BF49B9C00340587 /* main.m in Sources */,
				043632A21BF49BE500340587 /* JCBallLayer.m in Sources */,
				0436329F1BF49BCD00340587 /* JCHeader.m in Sources */,
				04D8EF5A1BF9C46700957047 /* JCFooter.m in Sources */,
			);
			runOnlyForDeploymentPostprocessing = 0;
		};
		0436327B1BF49B9C00340587 /* Sources */ = {
			isa = PBXSourcesBuildPhase;
			buildActionMask = 2147483647;
			files = (
				043632841BF49B9C00340587 /* JCPullToSelect_masterTests.m in Sources */,
			);
			runOnlyForDeploymentPostprocessing = 0;
		};
		043632861BF49B9C00340587 /* Sources */ = {
			isa = PBXSourcesBuildPhase;
			buildActionMask = 2147483647;
			files = (
				0436328F1BF49B9C00340587 /* JCPullToSelect_masterUITests.m in Sources */,
			);
			runOnlyForDeploymentPostprocessing = 0;
		};
/* End PBXSourcesBuildPhase section */

/* Begin PBXTargetDependency section */
		043632811BF49B9C00340587 /* PBXTargetDependency */ = {
			isa = PBXTargetDependency;
			target = 043632651BF49B9C00340587 /* JCPullToSelect-master */;
			targetProxy = 043632801BF49B9C00340587 /* PBXContainerItemProxy */;
		};
		0436328C1BF49B9C00340587 /* PBXTargetDependency */ = {
			isa = PBXTargetDependency;
			target = 043632651BF49B9C00340587 /* JCPullToSelect-master */;
			targetProxy = 0436328B1BF49B9C00340587 /* PBXContainerItemProxy */;
		};
/* End PBXTargetDependency section */

/* Begin PBXVariantGroup section */
		043632771BF49B9C00340587 /* LaunchScreen.storyboard */ = {
			isa = PBXVariantGroup;
			children = (
				043632781BF49B9C00340587 /* Base */,
			);
			name = LaunchScreen.storyboard;
			sourceTree = "<group>";
		};
/* End PBXVariantGroup section */

/* Begin XCBuildConfiguration section */
		043632911BF49B9C00340587 /* Debug */ = {
			isa = XCBuildConfiguration;
			buildSettings = {
				ALWAYS_SEARCH_USER_PATHS = NO;
				CLANG_CXX_LANGUAGE_STANDARD = "gnu++0x";
				CLANG_CXX_LIBRARY = "libc++";
				CLANG_ENABLE_MODULES = YES;
				CLANG_ENABLE_OBJC_ARC = YES;
				CLANG_WARN_BOOL_CONVERSION = YES;
				CLANG_WARN_CONSTANT_CONVERSION = YES;
				CLANG_WARN_DIRECT_OBJC_ISA_USAGE = YES_ERROR;
				CLANG_WARN_EMPTY_BODY = YES;
				CLANG_WARN_ENUM_CONVERSION = YES;
				CLANG_WARN_INT_CONVERSION = YES;
				CLANG_WARN_OBJC_ROOT_CLASS = YES_ERROR;
				CLANG_WARN_UNREACHABLE_CODE = YES;
				CLANG_WARN__DUPLICATE_METHOD_MATCH = YES;
				"CODE_SIGN_IDENTITY[sdk=iphoneos*]" = "iPhone Developer";
				COPY_PHASE_STRIP = NO;
				DEBUG_INFORMATION_FORMAT = dwarf;
				ENABLE_STRICT_OBJC_MSGSEND = YES;
				ENABLE_TESTABILITY = YES;
				GCC_C_LANGUAGE_STANDARD = gnu99;
				GCC_DYNAMIC_NO_PIC = NO;
				GCC_NO_COMMON_BLOCKS = YES;
				GCC_OPTIMIZATION_LEVEL = 0;
				GCC_PREPROCESSOR_DEFINITIONS = (
					"DEBUG=1",
					"$(inherited)",
				);
				GCC_WARN_64_TO_32_BIT_CONVERSION = YES;
				GCC_WARN_ABOUT_RETURN_TYPE = YES_ERROR;
				GCC_WARN_UNDECLARED_SELECTOR = YES;
				GCC_WARN_UNINITIALIZED_AUTOS = YES_AGGRESSIVE;
				GCC_WARN_UNUSED_FUNCTION = YES;
				GCC_WARN_UNUSED_VARIABLE = YES;
				IPHONEOS_DEPLOYMENT_TARGET = 9.0;
				MTL_ENABLE_DEBUG_INFO = YES;
				ONLY_ACTIVE_ARCH = YES;
				SDKROOT = iphoneos;
			};
			name = Debug;
		};
		043632921BF49B9C00340587 /* Release */ = {
			isa = XCBuildConfiguration;
			buildSettings = {
				ALWAYS_SEARCH_USER_PATHS = NO;
				CLANG_CXX_LANGUAGE_STANDARD = "gnu++0x";
				CLANG_CXX_LIBRARY = "libc++";
				CLANG_ENABLE_MODULES = YES;
				CLANG_ENABLE_OBJC_ARC = YES;
				CLANG_WARN_BOOL_CONVERSION = YES;
				CLANG_WARN_CONSTANT_CONVERSION = YES;
				CLANG_WARN_DIRECT_OBJC_ISA_USAGE = YES_ERROR;
				CLANG_WARN_EMPTY_BODY = YES;
				CLANG_WARN_ENUM_CONVERSION = YES;
				CLANG_WARN_INT_CONVERSION = YES;
				CLANG_WARN_OBJC_ROOT_CLASS = YES_ERROR;
				CLANG_WARN_UNREACHABLE_CODE = YES;
				CLANG_WARN__DUPLICATE_METHOD_MATCH = YES;
				"CODE_SIGN_IDENTITY[sdk=iphoneos*]" = "iPhone Developer";
				COPY_PHASE_STRIP = NO;
				DEBUG_INFORMATION_FORMAT = "dwarf-with-dsym";
				ENABLE_NS_ASSERTIONS = NO;
				ENABLE_STRICT_OBJC_MSGSEND = YES;
				GCC_C_LANGUAGE_STANDARD = gnu99;
				GCC_NO_COMMON_BLOCKS = YES;
				GCC_WARN_64_TO_32_BIT_CONVERSION = YES;
				GCC_WARN_ABOUT_RETURN_TYPE = YES_ERROR;
				GCC_WARN_UNDECLARED_SELECTOR = YES;
				GCC_WARN_UNINITIALIZED_AUTOS = YES_AGGRESSIVE;
				GCC_WARN_UNUSED_FUNCTION = YES;
				GCC_WARN_UNUSED_VARIABLE = YES;
				IPHONEOS_DEPLOYMENT_TARGET = 9.0;
				MTL_ENABLE_DEBUG_INFO = NO;
				SDKROOT = iphoneos;
				VALIDATE_PRODUCT = YES;
			};
			name = Release;
		};
		043632941BF49B9C00340587 /* Debug */ = {
			isa = XCBuildConfiguration;
			buildSettings = {
				ASSETCATALOG_COMPILER_APPICON_NAME = AppIcon;
				CODE_SIGN_IDENTITY = "iPhone Developer";
				INFOPLIST_FILE = "JCPullToSelect-master/Info.plist";
				IPHONEOS_DEPLOYMENT_TARGET = 6.0;
				LD_RUNPATH_SEARCH_PATHS = "$(inherited) @executable_path/Frameworks";
				PRODUCT_BUNDLE_IDENTIFIER = "Hjaycee.JCPullToSelect-master";
				PRODUCT_NAME = "$(TARGET_NAME)";
			};
			name = Debug;
		};
		043632951BF49B9C00340587 /* Release */ = {
			isa = XCBuildConfiguration;
			buildSettings = {
				ASSETCATALOG_COMPILER_APPICON_NAME = AppIcon;
				CODE_SIGN_IDENTITY = "iPhone Developer";
				INFOPLIST_FILE = "JCPullToSelect-master/Info.plist";
				IPHONEOS_DEPLOYMENT_TARGET = 6.0;
				LD_RUNPATH_SEARCH_PATHS = "$(inherited) @executable_path/Frameworks";
				PRODUCT_BUNDLE_IDENTIFIER = "Hjaycee.JCPullToSelect-master";
				PRODUCT_NAME = "$(TARGET_NAME)";
			};
			name = Release;
		};
		043632971BF49B9C00340587 /* Debug */ = {
			isa = XCBuildConfiguration;
			buildSettings = {
				BUNDLE_LOADER = "$(TEST_HOST)";
				INFOPLIST_FILE = "JCPullToSelect-masterTests/Info.plist";
				LD_RUNPATH_SEARCH_PATHS = "$(inherited) @executable_path/Frameworks @loader_path/Frameworks";
				PRODUCT_BUNDLE_IDENTIFIER = "Hjaycee.JCPullToSelect-masterTests";
				PRODUCT_NAME = "$(TARGET_NAME)";
				TEST_HOST = "$(BUILT_PRODUCTS_DIR)/JCPullToSelect-master.app/JCPullToSelect-master";
			};
			name = Debug;
		};
		043632981BF49B9C00340587 /* Release */ = {
			isa = XCBuildConfiguration;
			buildSettings = {
				BUNDLE_LOADER = "$(TEST_HOST)";
				INFOPLIST_FILE = "JCPullToSelect-masterTests/Info.plist";
				LD_RUNPATH_SEARCH_PATHS = "$(inherited) @executable_path/Frameworks @loader_path/Frameworks";
				PRODUCT_BUNDLE_IDENTIFIER = "Hjaycee.JCPullToSelect-masterTests";
				PRODUCT_NAME = "$(TARGET_NAME)";
				TEST_HOST = "$(BUILT_PRODUCTS_DIR)/JCPullToSelect-master.app/JCPullToSelect-master";
			};
			name = Release;
		};
		0436329A1BF49B9C00340587 /* Debug */ = {
			isa = XCBuildConfiguration;
			buildSettings = {
				INFOPLIST_FILE = "JCPullToSelect-masterUITests/Info.plist";
				LD_RUNPATH_SEARCH_PATHS = "$(inherited) @executable_path/Frameworks @loader_path/Frameworks";
				PRODUCT_BUNDLE_IDENTIFIER = "Hjaycee.JCPullToSelect-masterUITests";
				PRODUCT_NAME = "$(TARGET_NAME)";
				TEST_TARGET_NAME = "JCPullToSelect-master";
				USES_XCTRUNNER = YES;
			};
			name = Debug;
		};
		0436329B1BF49B9C00340587 /* Release */ = {
			isa = XCBuildConfiguration;
			buildSettings = {
				INFOPLIST_FILE = "JCPullToSelect-masterUITests/Info.plist";
				LD_RUNPATH_SEARCH_PATHS = "$(inherited) @executable_path/Frameworks @loader_path/Frameworks";
				PRODUCT_BUNDLE_IDENTIFIER = "Hjaycee.JCPullToSelect-masterUITests";
				PRODUCT_NAME = "$(TARGET_NAME)";
				TEST_TARGET_NAME = "JCPullToSelect-master";
				USES_XCTRUNNER = YES;
			};
			name = Release;
		};
/* End XCBuildConfiguration section */

/* Begin XCConfigurationList section */
		043632611BF49B9C00340587 /* Build configuration list for PBXProject "JCPullToSelect-master" */ = {
			isa = XCConfigurationList;
			buildConfigurations = (
				043632911BF49B9C00340587 /* Debug */,
				043632921BF49B9C00340587 /* Release */,
			);
			defaultConfigurationIsVisible = 0;
			defaultConfigurationName = Release;
		};
		043632931BF49B9C00340587 /* Build configuration list for PBXNativeTarget "JCPullToSelect-master" */ = {
			isa = XCConfigurationList;
			buildConfigurations = (
				043632941BF49B9C00340587 /* Debug */,
				043632951BF49B9C00340587 /* Release */,
			);
			defaultConfigurationIsVisible = 0;
			defaultConfigurationName = Release;
		};
		043632961BF49B9C00340587 /* Build configuration list for PBXNativeTarget "JCPullToSelect-masterTests" */ = {
			isa = XCConfigurationList;
			buildConfigurations = (
				043632971BF49B9C00340587 /* Debug */,
				043632981BF49B9C00340587 /* Release */,
			);
			defaultConfigurationIsVisible = 0;
			defaultConfigurationName = Release;
		};
		043632991BF49B9C00340587 /* Build configuration list for PBXNativeTarget "JCPullToSelect-masterUITests" */ = {
			isa = XCConfigurationList;
			buildConfigurations = (
				0436329A1BF49B9C00340587 /* Debug */,
				0436329B1BF49B9C00340587 /* Release */,
			);
			defaultConfigurationIsVisible = 0;
			defaultConfigurationName = Release;
		};
/* End XCConfigurationList section */
	};
	rootObject = 0436325E1BF49B9C00340587 /* Project object */;
}
